
Microsoft Visual Studio Solution File, Format Version 12.00
# Visual Studio Version 17
VisualStudioVersion = 17.0.31903.59
MinimumVisualStudioVersion = 10.0.40219.1
Project("{2150E333-8FDC-42A3-9474-1A3956D46DE8}") = "src", "src", "{53BC99EC-16E8-42E4-A1E6-ED2AB4DF900D}"
EndProject
Project("{FAE04EC0-301F-11D3-BF4B-00C04F79EFBC}") = "Utilities.PasswordGenerator", "src\Utilities.PasswordGenerator\Utilities.PasswordGenerator.csproj", "{AD75B859-5718-4B55-95DD-44EBCF1880D0}"
EndProject
Project("{2150E333-8FDC-42A3-9474-1A3956D46DE8}") = "test", "test", "{669BC836-E9F5-41E4-9C8B-1D79323E097C}"
EndProject
Project("{FAE04EC0-301F-11D3-BF4B-00C04F79EFBC}") = "Utilities.PasswordGenerator.Tests", "test\Utilities.PasswordGenerator.Tests\Utilities.PasswordGenerator.Tests.csproj", "{84B06629-9656-46E2-8295-063375719A61}"
EndProject
Global
	GlobalSection(SolutionConfigurationPlatforms) = preSolution
		Debug|Any CPU = Debug|Any CPU
		Release|Any CPU = Release|Any CPU
	EndGlobalSection
	GlobalSection(SolutionProperties) = preSolution
		HideSolutionNode = FALSE
	EndGlobalSection
	GlobalSection(ProjectConfigurationPlatforms) = postSolution
		{AD75B859-5718-4B55-95DD-44EBCF1880D0}.Debug|Any CPU.ActiveCfg = Debug|Any CPU
		{AD75B859-5718-4B55-95DD-44EBCF1880D0}.Debug|Any CPU.Build.0 = Debug|Any CPU
		{AD75B859-5718-4B55-95DD-44EBCF1880D0}.Release|Any CPU.ActiveCfg = Release|Any CPU
		{AD75B859-5718-4B55-95DD-44EBCF1880D0}.Release|Any CPU.Build.0 = Release|Any CPU
		{84B06629-9656-46E2-8295-063375719A61}.Debug|Any CPU.ActiveCfg = Debug|Any CPU
		{84B06629-9656-46E2-8295-063375719A61}.Debug|Any CPU.Build.0 = Debug|Any CPU
		{84B06629-9656-46E2-8295-063375719A61}.Release|Any CPU.ActiveCfg = Release|Any CPU
		{84B06629-9656-46E2-8295-063375719A61}.Release|Any CPU.Build.0 = Release|Any CPU
	EndGlobalSection
	GlobalSection(NestedProjects) = preSolution
		{AD75B859-5718-4B55-95DD-44EBCF1880D0} = {53BC99EC-16E8-42E4-A1E6-ED2AB4DF900D}
		{84B06629-9656-46E2-8295-063375719A61} = {669BC836-E9F5-41E4-9C8B-1D79323E097C}
	EndGlobalSection
EndGlobal
